// !$*UTF8*$!
{
	archiveVersion = 1;
	classes = {
	};
	objectVersion = 46;
	objects = {

/* Begin PBXBuildFile section */
		D108A6DE1CDB478C00B6B698 /* PlaylistDataSource.m in Sources */ = {isa = PBXBuildFile; fileRef = D108A6DD1CDB478C00B6B698 /* PlaylistDataSource.m */; };
		D108A6E31CDB563100B6B698 /* SamplePlaylistItem.m in Sources */ = {isa = PBXBuildFile; fileRef = D108A6E21CDB563100B6B698 /* SamplePlaylistItem.m */; };
		D108A6E51CDB571900B6B698 /* SampleImages.xcassets in Resources */ = {isa = PBXBuildFile; fileRef = D108A6E41CDB571900B6B698 /* SampleImages.xcassets */; };
		D108A6E91CDB620900B6B698 /* PlaylistItemCollectionViewCell.m in Sources */ = {isa = PBXBuildFile; fileRef = D108A6E81CDB620900B6B698 /* PlaylistItemCollectionViewCell.m */; };
		D1E70AF31CDC5B5D00CCFD41 /* PlaylistHeaderView.m in Sources */ = {isa = PBXBuildFile; fileRef = D1E70AF21CDC5B5D00CCFD41 /* PlaylistHeaderView.m */; };
		D1E70AF51CDC5B9800CCFD41 /* PlaylistHeaderView.xib in Resources */ = {isa = PBXBuildFile; fileRef = D1E70AF41CDC5B9800CCFD41 /* PlaylistHeaderView.xib */; };
		E42F09051CC54EFB009AED4A /* main.m in Sources */ = {isa = PBXBuildFile; fileRef = E42F09041CC54EFB009AED4A /* main.m */; };
		E42F09081CC54EFB009AED4A /* AppDelegate.m in Sources */ = {isa = PBXBuildFile; fileRef = E42F09071CC54EFB009AED4A /* AppDelegate.m */; };
		E42F090B1CC54EFB009AED4A /* ViewController.m in Sources */ = {isa = PBXBuildFile; fileRef = E42F090A1CC54EFB009AED4A /* ViewController.m */; };
		E42F090E1CC54EFB009AED4A /* Main.storyboard in Resources */ = {isa = PBXBuildFile; fileRef = E42F090C1CC54EFB009AED4A /* Main.storyboard */; };
		E42F09101CC54EFB009AED4A /* Assets.xcassets in Resources */ = {isa = PBXBuildFile; fileRef = E42F090F1CC54EFB009AED4A /* Assets.xcassets */; };
		E42F09131CC54EFB009AED4A /* LaunchScreen.storyboard in Resources */ = {isa = PBXBuildFile; fileRef = E42F09111CC54EFB009AED4A /* LaunchScreen.storyboard */; };
		E461015F1CDDFDC00031BC70 /* MPMediaItem+PlaylistItem.m in Sources */ = {isa = PBXBuildFile; fileRef = E461015E1CDDFDC00031BC70 /* MPMediaItem+PlaylistItem.m */; };
		E4A025641CD25E30002D95CA /* PlayerBar.m in Sources */ = {isa = PBXBuildFile; fileRef = E4A025631CD25E30002D95CA /* PlayerBar.m */; };
/* End PBXBuildFile section */

/* Begin PBXFileReference section */
		D108A6DC1CDB478C00B6B698 /* PlaylistDataSource.h */ = {isa = PBXFileReference; fileEncoding = 4; lastKnownFileType = sourcecode.c.h; path = PlaylistDataSource.h; sourceTree = "<group>"; };
		D108A6DD1CDB478C00B6B698 /* PlaylistDataSource.m */ = {isa = PBXFileReference; fileEncoding = 4; lastKnownFileType = sourcecode.c.objc; path = PlaylistDataSource.m; sourceTree = "<group>"; };
		D108A6E01CDB557800B6B698 /* PlaylistItem.h */ = {isa = PBXFileReference; fileEncoding = 4; lastKnownFileType = sourcecode.c.h; path = PlaylistItem.h; sourceTree = "<group>"; };
		D108A6E11CDB563100B6B698 /* SamplePlaylistItem.h */ = {isa = PBXFileReference; fileEncoding = 4; lastKnownFileType = sourcecode.c.h; path = SamplePlaylistItem.h; sourceTree = "<group>"; };
		D108A6E21CDB563100B6B698 /* SamplePlaylistItem.m */ = {isa = PBXFileReference; fileEncoding = 4; lastKnownFileType = sourcecode.c.objc; path = SamplePlaylistItem.m; sourceTree = "<group>"; };
		D108A6E41CDB571900B6B698 /* SampleImages.xcassets */ = {isa = PBXFileReference; lastKnownFileType = folder.assetcatalog; path = SampleImages.xcassets; sourceTree = "<group>"; };
		D108A6E71CDB620900B6B698 /* PlaylistItemCollectionViewCell.h */ = {isa = PBXFileReference; fileEncoding = 4; lastKnownFileType = sourcecode.c.h; path = PlaylistItemCollectionViewCell.h; sourceTree = "<group>"; };
		D108A6E81CDB620900B6B698 /* PlaylistItemCollectionViewCell.m */ = {isa = PBXFileReference; fileEncoding = 4; lastKnownFileType = sourcecode.c.objc; path = PlaylistItemCollectionViewCell.m; sourceTree = "<group>"; };
		D1E70AF11CDC5B5D00CCFD41 /* PlaylistHeaderView.h */ = {isa = PBXFileReference; fileEncoding = 4; lastKnownFileType = sourcecode.c.h; path = PlaylistHeaderView.h; sourceTree = "<group>"; };
		D1E70AF21CDC5B5D00CCFD41 /* PlaylistHeaderView.m */ = {isa = PBXFileReference; fileEncoding = 4; lastKnownFileType = sourcecode.c.objc; path = PlaylistHeaderView.m; sourceTree = "<group>"; };
		D1E70AF41CDC5B9800CCFD41 /* PlaylistHeaderView.xib */ = {isa = PBXFileReference; fileEncoding = 4; lastKnownFileType = file.xib; path = PlaylistHeaderView.xib; sourceTree = "<group>"; };
		E42F09001CC54EFB009AED4A /* RoadTripDJ.app */ = {isa = PBXFileReference; explicitFileType = wrapper.application; includeInIndex = 0; path = RoadTripDJ.app; sourceTree = BUILT_PRODUCTS_DIR; };
		E42F09041CC54EFB009AED4A /* main.m */ = {isa = PBXFileReference; lastKnownFileType = sourcecode.c.objc; path = main.m; sourceTree = "<group>"; };
		E42F09061CC54EFB009AED4A /* AppDelegate.h */ = {isa = PBXFileReference; lastKnownFileType = sourcecode.c.h; path = AppDelegate.h; sourceTree = "<group>"; };
		E42F09071CC54EFB009AED4A /* AppDelegate.m */ = {isa = PBXFileReference; lastKnownFileType = sourcecode.c.objc; path = AppDelegate.m; sourceTree = "<group>"; };
		E42F09091CC54EFB009AED4A /* ViewController.h */ = {isa = PBXFileReference; lastKnownFileType = sourcecode.c.h; path = ViewController.h; sourceTree = "<group>"; };
		E42F090A1CC54EFB009AED4A /* ViewController.m */ = {isa = PBXFileReference; lastKnownFileType = sourcecode.c.objc; path = ViewController.m; sourceTree = "<group>"; };
		E42F090D1CC54EFB009AED4A /* Base */ = {isa = PBXFileReference; lastKnownFileType = file.storyboard; name = Base; path = Base.lproj/Main.storyboard; sourceTree = "<group>"; };
		E42F090F1CC54EFB009AED4A /* Assets.xcassets */ = {isa = PBXFileReference; lastKnownFileType = folder.assetcatalog; path = Assets.xcassets; sourceTree = "<group>"; };
		E42F09121CC54EFB009AED4A /* Base */ = {isa = PBXFileReference; lastKnownFileType = file.storyboard; name = Base; path = Base.lproj/LaunchScreen.storyboard; sourceTree = "<group>"; };
		E42F09141CC54EFB009AED4A /* Info.plist */ = {isa = PBXFileReference; lastKnownFileType = text.plist.xml; path = Info.plist; sourceTree = "<group>"; };
		E461015D1CDDFDC00031BC70 /* MPMediaItem+PlaylistItem.h */ = {isa = PBXFileReference; fileEncoding = 4; lastKnownFileType = sourcecode.c.h; path = "MPMediaItem+PlaylistItem.h"; sourceTree = "<group>"; };
		E461015E1CDDFDC00031BC70 /* MPMediaItem+PlaylistItem.m */ = {isa = PBXFileReference; fileEncoding = 4; lastKnownFileType = sourcecode.c.objc; path = "MPMediaItem+PlaylistItem.m"; sourceTree = "<group>"; };
		E4A025621CD25E30002D95CA /* PlayerBar.h */ = {isa = PBXFileReference; fileEncoding = 4; lastKnownFileType = sourcecode.c.h; path = PlayerBar.h; sourceTree = "<group>"; };
		E4A025631CD25E30002D95CA /* PlayerBar.m */ = {isa = PBXFileReference; fileEncoding = 4; lastKnownFileType = sourcecode.c.objc; path = PlayerBar.m; sourceTree = "<group>"; };
/* End PBXFileReference section */

/* Begin PBXFrameworksBuildPhase section */
		E42F08FD1CC54EFB009AED4A /* Frameworks */ = {
			isa = PBXFrameworksBuildPhase;
			buildActionMask = 2147483647;
			files = (
			);
			runOnlyForDeploymentPostprocessing = 0;
		};
/* End PBXFrameworksBuildPhase section */

/* Begin PBXGroup section */
		D108A6DF1CDB553000B6B698 /* Models */ = {
			isa = PBXGroup;
			children = (
				D108A6E01CDB557800B6B698 /* PlaylistItem.h */,
				D108A6E11CDB563100B6B698 /* SamplePlaylistItem.h */,
				D108A6E21CDB563100B6B698 /* SamplePlaylistItem.m */,
				E461015D1CDDFDC00031BC70 /* MPMediaItem+PlaylistItem.h */,
				E461015E1CDDFDC00031BC70 /* MPMediaItem+PlaylistItem.m */,
			);
			name = Models;
			sourceTree = "<group>";
		};
		D108A6E61CDB61D500B6B698 /* Views */ = {
			isa = PBXGroup;
			children = (
				D108A6E71CDB620900B6B698 /* PlaylistItemCollectionViewCell.h */,
				D108A6E81CDB620900B6B698 /* PlaylistItemCollectionViewCell.m */,
				D1E70AF11CDC5B5D00CCFD41 /* PlaylistHeaderView.h */,
				D1E70AF21CDC5B5D00CCFD41 /* PlaylistHeaderView.m */,
				D1E70AF41CDC5B9800CCFD41 /* PlaylistHeaderView.xib */,
			);
			name = Views;
			sourceTree = "<group>";
		};
		E42F08F71CC54EFB009AED4A = {
			isa = PBXGroup;
			children = (
				E42F09021CC54EFB009AED4A /* RoadTripDJ */,
				E42F09011CC54EFB009AED4A /* Products */,
			);
			sourceTree = "<group>";
		};
		E42F09011CC54EFB009AED4A /* Products */ = {
			isa = PBXGroup;
			children = (
				E42F09001CC54EFB009AED4A /* RoadTripDJ.app */,
			);
			name = Products;
			sourceTree = "<group>";
		};
		E42F09021CC54EFB009AED4A /* RoadTripDJ */ = {
			isa = PBXGroup;
			children = (
				D108A6E61CDB61D500B6B698 /* Views */,
				D108A6DF1CDB553000B6B698 /* Models */,
				E42F09061CC54EFB009AED4A /* AppDelegate.h */,
				E42F09071CC54EFB009AED4A /* AppDelegate.m */,
				D108A6DC1CDB478C00B6B698 /* PlaylistDataSource.h */,
				D108A6DD1CDB478C00B6B698 /* PlaylistDataSource.m */,
				E4A025621CD25E30002D95CA /* PlayerBar.h */,
				E4A025631CD25E30002D95CA /* PlayerBar.m */,
				E42F09091CC54EFB009AED4A /* ViewController.h */,
				E42F090A1CC54EFB009AED4A /* ViewController.m */,
				E42F090C1CC54EFB009AED4A /* Main.storyboard */,
				E42F090F1CC54EFB009AED4A /* Assets.xcassets */,
				D108A6E41CDB571900B6B698 /* SampleImages.xcassets */,
				E42F09111CC54EFB009AED4A /* LaunchScreen.storyboard */,
				E42F09141CC54EFB009AED4A /* Info.plist */,
				E42F09031CC54EFB009AED4A /* Supporting Files */,
			);
			path = RoadTripDJ;
			sourceTree = "<group>";
		};
		E42F09031CC54EFB009AED4A /* Supporting Files */ = {
			isa = PBXGroup;
			children = (
				E42F09041CC54EFB009AED4A /* main.m */,
			);
			name = "Supporting Files";
			sourceTree = "<group>";
		};
/* End PBXGroup section */

/* Begin PBXNativeTarget section */
		E42F08FF1CC54EFB009AED4A /* RoadTripDJ */ = {
			isa = PBXNativeTarget;
			buildConfigurationList = E42F09171CC54EFB009AED4A /* Build configuration list for PBXNativeTarget "RoadTripDJ" */;
			buildPhases = (
				E42F08FC1CC54EFB009AED4A /* Sources */,
				E42F08FD1CC54EFB009AED4A /* Frameworks */,
				E42F08FE1CC54EFB009AED4A /* Resources */,
			);
			buildRules = (
			);
			dependencies = (
			);
			name = RoadTripDJ;
			productName = RoadTripDJ;
			productReference = E42F09001CC54EFB009AED4A /* RoadTripDJ.app */;
			productType = "com.apple.product-type.application";
		};
/* End PBXNativeTarget section */

/* Begin PBXProject section */
		E42F08F81CC54EFB009AED4A /* Project object */ = {
			isa = PBXProject;
			attributes = {
				LastUpgradeCheck = 0730;
				ORGANIZATIONNAME = "Meet Vyas";
				TargetAttributes = {
					E42F08FF1CC54EFB009AED4A = {
						CreatedOnToolsVersion = 7.3;
						DevelopmentTeam = 6U48FZ7RKV;
					};
				};
			};
			buildConfigurationList = E42F08FB1CC54EFB009AED4A /* Build configuration list for PBXProject "RoadTripDJ" */;
			compatibilityVersion = "Xcode 3.2";
			developmentRegion = English;
			hasScannedForEncodings = 0;
			knownRegions = (
				en,
				Base,
			);
			mainGroup = E42F08F71CC54EFB009AED4A;
			productRefGroup = E42F09011CC54EFB009AED4A /* Products */;
			projectDirPath = "";
			projectRoot = "";
			targets = (
				E42F08FF1CC54EFB009AED4A /* RoadTripDJ */,
			);
		};
/* End PBXProject section */

/* Begin PBXResourcesBuildPhase section */
		E42F08FE1CC54EFB009AED4A /* Resources */ = {
			isa = PBXResourcesBuildPhase;
			buildActionMask = 2147483647;
			files = (
				E42F09131CC54EFB009AED4A /* LaunchScreen.storyboard in Resources */,
				D108A6E51CDB571900B6B698 /* SampleImages.xcassets in Resources */,
				D1E70AF51CDC5B9800CCFD41 /* PlaylistHeaderView.xib in Resources */,
				E42F09101CC54EFB009AED4A /* Assets.xcassets in Resources */,
				E42F090E1CC54EFB009AED4A /* Main.storyboard in Resources */,
			);
			runOnlyForDeploymentPostprocessing = 0;
		};
/* End PBXResourcesBuildPhase section */

/* Begin PBXSourcesBuildPhase section */
		E42F08FC1CC54EFB009AED4A /* Sources */ = {
			isa = PBXSourcesBuildPhase;
			buildActionMask = 2147483647;
			files = (
				E4A025641CD25E30002D95CA /* PlayerBar.m in Sources */,
				D108A6DE1CDB478C00B6B698 /* PlaylistDataSource.m in Sources */,
				D108A6E31CDB563100B6B698 /* SamplePlaylistItem.m in Sources */,
				E42F090B1CC54EFB009AED4A /* ViewController.m in Sources */,
				E461015F1CDDFDC00031BC70 /* MPMediaItem+PlaylistItem.m in Sources */,
				D108A6E91CDB620900B6B698 /* PlaylistItemCollectionViewCell.m in Sources */,
				D1E70AF31CDC5B5D00CCFD41 /* PlaylistHeaderView.m in Sources */,
				E42F09081CC54EFB009AED4A /* AppDelegate.m in Sources */,
				E42F09051CC54EFB009AED4A /* main.m in Sources */,
			);
			runOnlyForDeploymentPostprocessing = 0;
		};
/* End PBXSourcesBuildPhase section */

/* Begin PBXVariantGroup section */
		E42F090C1CC54EFB009AED4A /* Main.storyboard */ = {
			isa = PBXVariantGroup;
			children = (
				E42F090D1CC54EFB009AED4A /* Base */,
			);
			name = Main.storyboard;
			sourceTree = "<group>";
		};
		E42F09111CC54EFB009AED4A /* LaunchScreen.storyboard */ = {
			isa = PBXVariantGroup;
			children = (
				E42F09121CC54EFB009AED4A /* Base */,
			);
			name = LaunchScreen.storyboard;
			sourceTree = "<group>";
		};
/* End PBXVariantGroup section */

/* Begin XCBuildConfiguration section */
		E42F09151CC54EFB009AED4A /* Debug */ = {
			isa = XCBuildConfiguration;
			buildSettings = {
				ALWAYS_SEARCH_USER_PATHS = NO;
				CLANG_ANALYZER_NONNULL = YES;
				CLANG_CXX_LANGUAGE_STANDARD = "gnu++0x";
				CLANG_CXX_LIBRARY = "libc++";
				CLANG_ENABLE_MODULES = YES;
				CLANG_ENABLE_OBJC_ARC = YES;
				CLANG_WARN_BOOL_CONVERSION = YES;
				CLANG_WARN_CONSTANT_CONVERSION = YES;
				CLANG_WARN_DIRECT_OBJC_ISA_USAGE = YES_ERROR;
				CLANG_WARN_EMPTY_BODY = YES;
				CLANG_WARN_ENUM_CONVERSION = YES;
				CLANG_WARN_INT_CONVERSION = YES;
				CLANG_WARN_OBJC_ROOT_CLASS = YES_ERROR;
				CLANG_WARN_UNREACHABLE_CODE = YES;
				CLANG_WARN__DUPLICATE_METHOD_MATCH = YES;
				"CODE_SIGN_IDENTITY[sdk=iphoneos*]" = "iPhone Developer";
				COPY_PHASE_STRIP = NO;
				DEBUG_INFORMATION_FORMAT = dwarf;
				ENABLE_STRICT_OBJC_MSGSEND = YES;
				ENABLE_TESTABILITY = YES;
				GCC_C_LANGUAGE_STANDARD = gnu99;
				GCC_DYNAMIC_NO_PIC = NO;
				GCC_NO_COMMON_BLOCKS = YES;
				GCC_OPTIMIZATION_LEVEL = 0;
				GCC_PREPROCESSOR_DEFINITIONS = (
					"DEBUG=1",
					"$(inherited)",
				);
				GCC_WARN_64_TO_32_BIT_CONVERSION = YES;
				GCC_WARN_ABOUT_RETURN_TYPE = YES_ERROR;
				GCC_WARN_UNDECLARED_SELECTOR = YES;
				GCC_WARN_UNINITIALIZED_AUTOS = YES_AGGRESSIVE;
				GCC_WARN_UNUSED_FUNCTION = YES;
				GCC_WARN_UNUSED_VARIABLE = YES;
				IPHONEOS_DEPLOYMENT_TARGET = 9.3;
				MTL_ENABLE_DEBUG_INFO = YES;
				ONLY_ACTIVE_ARCH = YES;
				SDKROOT = iphoneos;
				TARGETED_DEVICE_FAMILY = "1,2";
			};
			name = Debug;
		};
		E42F09161CC54EFB009AED4A /* Release */ = {
			isa = XCBuildConfiguration;
			buildSettings = {
				ALWAYS_SEARCH_USER_PATHS = NO;
				CLANG_ANALYZER_NONNULL = YES;
				CLANG_CXX_LANGUAGE_STANDARD = "gnu++0x";
				CLANG_CXX_LIBRARY = "libc++";
				CLANG_ENABLE_MODULES = YES;
				CLANG_ENABLE_OBJC_ARC = YES;
				CLANG_WARN_BOOL_CONVERSION = YES;
				CLANG_WARN_CONSTANT_CONVERSION = YES;
				CLANG_WARN_DIRECT_OBJC_ISA_USAGE = YES_ERROR;
				CLANG_WARN_EMPTY_BODY = YES;
				CLANG_WARN_ENUM_CONVERSION = YES;
				CLANG_WARN_INT_CONVERSION = YES;
				CLANG_WARN_OBJC_ROOT_CLASS = YES_ERROR;
				CLANG_WARN_UNREACHABLE_CODE = YES;
				CLANG_WARN__DUPLICATE_METHOD_MATCH = YES;
				"CODE_SIGN_IDENTITY[sdk=iphoneos*]" = "iPhone Developer";
				COPY_PHASE_STRIP = NO;
				DEBUG_INFORMATION_FORMAT = "dwarf-with-dsym";
				ENABLE_NS_ASSERTIONS = NO;
				ENABLE_STRICT_OBJC_MSGSEND = YES;
				GCC_C_LANGUAGE_STANDARD = gnu99;
				GCC_NO_COMMON_BLOCKS = YES;
				GCC_WARN_64_TO_32_BIT_CONVERSION = YES;
				GCC_WARN_ABOUT_RETURN_TYPE = YES_ERROR;
				GCC_WARN_UNDECLARED_SELECTOR = YES;
				GCC_WARN_UNINITIALIZED_AUTOS = YES_AGGRESSIVE;
				GCC_WARN_UNUSED_FUNCTION = YES;
				GCC_WARN_UNUSED_VARIABLE = YES;
				IPHONEOS_DEPLOYMENT_TARGET = 9.3;
				MTL_ENABLE_DEBUG_INFO = NO;
				SDKROOT = iphoneos;
				TARGETED_DEVICE_FAMILY = "1,2";
				VALIDATE_PRODUCT = YES;
			};
			name = Release;
		};
		E42F09181CC54EFB009AED4A /* Debug */ = {
			isa = XCBuildConfiguration;
			buildSettings = {
				ASSETCATALOG_COMPILER_APPICON_NAME = AppIcon;
				CODE_SIGN_IDENTITY = "iPhone Developer";
				"CODE_SIGN_IDENTITY[sdk=iphoneos*]" = "iPhone Developer";
				INFOPLIST_FILE = RoadTripDJ/Info.plist;
				LD_RUNPATH_SEARCH_PATHS = "$(inherited) @executable_path/Frameworks";
				PRODUCT_BUNDLE_IDENTIFIER = com.meetvyas.RoadTripDJ;
				PRODUCT_NAME = "$(TARGET_NAME)";
				PROVISIONING_PROFILE = "";
			};
			name = Debug;
		};
		E42F09191CC54EFB009AED4A /* Release */ = {
			isa = XCBuildConfiguration;
			buildSettings = {
				ASSETCATALOG_COMPILER_APPICON_NAME = AppIcon;
				CODE_SIGN_IDENTITY = "iPhone Developer";
				"CODE_SIGN_IDENTITY[sdk=iphoneos*]" = "iPhone Developer";
				INFOPLIST_FILE = RoadTripDJ/Info.plist;
				LD_RUNPATH_SEARCH_PATHS = "$(inherited) @executable_path/Frameworks";
				PRODUCT_BUNDLE_IDENTIFIER = com.meetvyas.RoadTripDJ;
				PRODUCT_NAME = "$(TARGET_NAME)";
				PROVISIONING_PROFILE = "";
			};
			name = Release;
		};
/* End XCBuildConfiguration section */

/* Begin XCConfigurationList section */
		E42F08FB1CC54EFB009AED4A /* Build configuration list for PBXProject "RoadTripDJ" */ = {
			isa = XCConfigurationList;
			buildConfigurations = (
				E42F09151CC54EFB009AED4A /* Debug */,
				E42F09161CC54EFB009AED4A /* Release */,
			);
			defaultConfigurationIsVisible = 0;
			defaultConfigurationName = Release;
		};
		E42F09171CC54EFB009AED4A /* Build configuration list for PBXNativeTarget "RoadTripDJ" */ = {
			isa = XCConfigurationList;
			buildConfigurations = (
				E42F09181CC54EFB009AED4A /* Debug */,
				E42F09191CC54EFB009AED4A /* Release */,
			);
			defaultConfigurationIsVisible = 0;
			defaultConfigurationName = Release;
		};
/* End XCConfigurationList section */
	};
	rootObject = E42F08F81CC54EFB009AED4A /* Project object */;
}
